// !$*UTF8*$!
{
	archiveVersion = 1;
	classes = {
	};
	objectVersion = 56;
	objects = {

/* Begin PBXBuildFile section */
		2D1023F4297719950073F171 /* TabBarViews.swift in Sources */ = {isa = PBXBuildFile; fileRef = 2D1023F3297719950073F171 /* TabBarViews.swift */; };
		2D1023FF2977F6A20073F171 /* PopularView.swift in Sources */ = {isa = PBXBuildFile; fileRef = 2D1023FE2977F6A20073F171 /* PopularView.swift */; };
		2D102402297864E70073F171 /* ForumView.swift in Sources */ = {isa = PBXBuildFile; fileRef = 2D102401297864E70073F171 /* ForumView.swift */; };
		2D102405297865A90073F171 /* MyCasesView.swift in Sources */ = {isa = PBXBuildFile; fileRef = 2D102404297865A90073F171 /* MyCasesView.swift */; };
		2D102408297865DC0073F171 /* MyRoomView.swift in Sources */ = {isa = PBXBuildFile; fileRef = 2D102407297865DC0073F171 /* MyRoomView.swift */; };
		2D10240D29786C810073F171 /* All.swift in Sources */ = {isa = PBXBuildFile; fileRef = 2D10240C29786C810073F171 /* All.swift */; };
		2D10240F29786C8C0073F171 /* Second.swift in Sources */ = {isa = PBXBuildFile; fileRef = 2D10240E29786C8C0073F171 /* Second.swift */; };
		2D10241129786D100073F171 /* Therd.swift in Sources */ = {isa = PBXBuildFile; fileRef = 2D10241029786D100073F171 /* Therd.swift */; };
		2D10241329786D1C0073F171 /* Fours.swift in Sources */ = {isa = PBXBuildFile; fileRef = 2D10241229786D1C0073F171 /* Fours.swift */; };
		2D2D64E12974846E00462901 /* Nunito.ttf in Resources */ = {isa = PBXBuildFile; fileRef = 2D2D64E02974846E00462901 /* Nunito.ttf */; };
		2DAD2267296DFF3C00346EBE /* Webservice.swift in Sources */ = {isa = PBXBuildFile; fileRef = 2DAD2266296DFF3C00346EBE /* Webservice.swift */; };
		2DAD226A296E04AB00346EBE /* LoginViewModel.swift in Sources */ = {isa = PBXBuildFile; fileRef = 2DAD2269296E04AB00346EBE /* LoginViewModel.swift */; };
		2DAD226C296E134700346EBE /* EmailConfirm.swift in Sources */ = {isa = PBXBuildFile; fileRef = 2DAD226B296E134700346EBE /* EmailConfirm.swift */; };
		2DAD226F296E1A0A00346EBE /* ContinueRegister.swift in Sources */ = {isa = PBXBuildFile; fileRef = 2DAD226E296E1A0A00346EBE /* ContinueRegister.swift */; };
		2DAD2272296F03C500346EBE /* Home.swift in Sources */ = {isa = PBXBuildFile; fileRef = 2DAD2271296F03C500346EBE /* Home.swift */; };
		2DAD2275296F58FB00346EBE /* Model.swift in Sources */ = {isa = PBXBuildFile; fileRef = 2DAD2274296F58FB00346EBE /* Model.swift */; };
		2DAD2278296F7E0B00346EBE /* APIManager.swift in Sources */ = {isa = PBXBuildFile; fileRef = 2DAD2277296F7E0B00346EBE /* APIManager.swift */; };
		2DAD227B296F7F6000346EBE /* Alamofire in Frameworks */ = {isa = PBXBuildFile; productRef = 2DAD227A296F7F6000346EBE /* Alamofire */; };
		2DAD227D29705F4600346EBE /* LoginScreen.swift in Sources */ = {isa = PBXBuildFile; fileRef = 2DAD227C29705F4600346EBE /* LoginScreen.swift */; };
		2DAD22E829730F9C00346EBE /* CenturyGothic-Bold.ttf in Resources */ = {isa = PBXBuildFile; fileRef = 2DAD22E629730F9C00346EBE /* CenturyGothic-Bold.ttf */; };
		2DAD22E929730F9C00346EBE /* CenturyGothic.ttf in Resources */ = {isa = PBXBuildFile; fileRef = 2DAD22E729730F9C00346EBE /* CenturyGothic.ttf */; };
		2DC8D684297886CE00AB5CA6 /* MyRoom.swift in Sources */ = {isa = PBXBuildFile; fileRef = 2DC8D683297886CE00AB5CA6 /* MyRoom.swift */; };
		2DC8D686297886DE00AB5CA6 /* Playlists.swift in Sources */ = {isa = PBXBuildFile; fileRef = 2DC8D685297886DE00AB5CA6 /* Playlists.swift */; };
		2DC8D688297886EF00AB5CA6 /* Subscriptions.swift in Sources */ = {isa = PBXBuildFile; fileRef = 2DC8D687297886EF00AB5CA6 /* Subscriptions.swift */; };
		2DC8D68A2978871100AB5CA6 /* AboutChannel.swift in Sources */ = {isa = PBXBuildFile; fileRef = 2DC8D6892978871100AB5CA6 /* AboutChannel.swift */; };
		2DC8D68C297891A500AB5CA6 /* Marketplace.swift in Sources */ = {isa = PBXBuildFile; fileRef = 2DC8D68B297891A500AB5CA6 /* Marketplace.swift */; };
		2DC8D68F2979332B00AB5CA6 /* ForumForm.swift in Sources */ = {isa = PBXBuildFile; fileRef = 2DC8D68E2979332B00AB5CA6 /* ForumForm.swift */; };
		2DC8D6932979715700AB5CA6 /* HeaderMenu.swift in Sources */ = {isa = PBXBuildFile; fileRef = 2DC8D6922979715700AB5CA6 /* HeaderMenu.swift */; };
		2DC8D695297A756400AB5CA6 /* Settings.swift in Sources */ = {isa = PBXBuildFile; fileRef = 2DC8D694297A756400AB5CA6 /* Settings.swift */; };
		2DC8D698297A8AB600AB5CA6 /* SettingsView.swift in Sources */ = {isa = PBXBuildFile; fileRef = 2DC8D697297A8AB600AB5CA6 /* SettingsView.swift */; };
		2DC8D69C297ABC8C00AB5CA6 /* General.swift in Sources */ = {isa = PBXBuildFile; fileRef = 2DC8D69B297ABC8C00AB5CA6 /* General.swift */; };
		2DC8D69E297ABD8B00AB5CA6 /* PersonalData.swift in Sources */ = {isa = PBXBuildFile; fileRef = 2DC8D69D297ABD8B00AB5CA6 /* PersonalData.swift */; };
		2DC8D6A0297AC7F700AB5CA6 /* Security.swift in Sources */ = {isa = PBXBuildFile; fileRef = 2DC8D69F297AC7F700AB5CA6 /* Security.swift */; };
		2DC8D6A2297ACA4700AB5CA6 /* Privacy.swift in Sources */ = {isa = PBXBuildFile; fileRef = 2DC8D6A1297ACA4700AB5CA6 /* Privacy.swift */; };
		2DC8D6A4297ACC9100AB5CA6 /* Notifications.swift in Sources */ = {isa = PBXBuildFile; fileRef = 2DC8D6A3297ACC9100AB5CA6 /* Notifications.swift */; };
		2DC8D6A6297AE06F00AB5CA6 /* Generall.swift in Sources */ = {isa = PBXBuildFile; fileRef = 2DC8D6A5297AE06F00AB5CA6 /* Generall.swift */; };
		2DC8D6E7297F0D7300AB5CA6 /* Information.swift in Sources */ = {isa = PBXBuildFile; fileRef = 2DC8D6E6297F0D7300AB5CA6 /* Information.swift */; };
		2DC8D6EA297F3CBF00AB5CA6 /* Securityy.swift in Sources */ = {isa = PBXBuildFile; fileRef = 2DC8D6E9297F3CBF00AB5CA6 /* Securityy.swift */; };
		2DC8D6EC297F3DFA00AB5CA6 /* PersonalDataa.swift in Sources */ = {isa = PBXBuildFile; fileRef = 2DC8D6EB297F3DFA00AB5CA6 /* PersonalDataa.swift */; };
		2DD6D74F2975282A004A13DC /* TabBar.swift in Sources */ = {isa = PBXBuildFile; fileRef = 2DD6D74E2975282A004A13DC /* TabBar.swift */; };
		2DD6D751297539BB004A13DC /* HeaderView.swift in Sources */ = {isa = PBXBuildFile; fileRef = 2DD6D750297539BB004A13DC /* HeaderView.swift */; };
		2DD6D75329753FD5004A13DC /* VideoCard.swift in Sources */ = {isa = PBXBuildFile; fileRef = 2DD6D75229753FD5004A13DC /* VideoCard.swift */; };
		2DD6D758297564CC004A13DC /* VideoPlayerView.swift in Sources */ = {isa = PBXBuildFile; fileRef = 2DD6D757297564CC004A13DC /* VideoPlayerView.swift */; };
		2DD6D75A29756692004A13DC /* MiniPlayer.swift in Sources */ = {isa = PBXBuildFile; fileRef = 2DD6D75929756692004A13DC /* MiniPlayer.swift */; };
		2DD6D75C29756776004A13DC /* Video.swift in Sources */ = {isa = PBXBuildFile; fileRef = 2DD6D75B29756776004A13DC /* Video.swift */; };
		2DD6D75E297572F6004A13DC /* VideoPlayerViewModel.swift in Sources */ = {isa = PBXBuildFile; fileRef = 2DD6D75D297572F6004A13DC /* VideoPlayerViewModel.swift */; };
		2DD6D7612975C50F004A13DC /* Assets.xcassets in Resources */ = {isa = PBXBuildFile; fileRef = 2DD6D7602975C50F004A13DC /* Assets.xcassets */; };
		2DD6D763297681B6004A13DC /* VideoCardVIew.swift in Sources */ = {isa = PBXBuildFile; fileRef = 2DD6D762297681B6004A13DC /* VideoCardVIew.swift */; };
		2DE6AC37296C9C5D00C815EA /* TinnApp.swift in Sources */ = {isa = PBXBuildFile; fileRef = 2DE6AC36296C9C5D00C815EA /* TinnApp.swift */; };
		2DE6AC3E296C9C5F00C815EA /* Preview Assets.xcassets in Resources */ = {isa = PBXBuildFile; fileRef = 2DE6AC3D296C9C5F00C815EA /* Preview Assets.xcassets */; };
		2DE6AC45296C9D4000C815EA /* SplashScreen.swift in Sources */ = {isa = PBXBuildFile; fileRef = 2DE6AC44296C9D4000C815EA /* SplashScreen.swift */; };
		2DE6AC47296CA46A00C815EA /* HomeScreen.swift in Sources */ = {isa = PBXBuildFile; fileRef = 2DE6AC46296CA46A00C815EA /* HomeScreen.swift */; };
		2DE6AC4F296CBA0A00C815EA /* RegisterScreen.swift in Sources */ = {isa = PBXBuildFile; fileRef = 2DE6AC4E296CBA0A00C815EA /* RegisterScreen.swift */; };
/* End PBXBuildFile section */

/* Begin PBXFileReference section */
		2D1023F3297719950073F171 /* TabBarViews.swift */ = {isa = PBXFileReference; lastKnownFileType = sourcecode.swift; path = TabBarViews.swift; sourceTree = "<group>"; };
		2D1023FE2977F6A20073F171 /* PopularView.swift */ = {isa = PBXFileReference; lastKnownFileType = sourcecode.swift; path = PopularView.swift; sourceTree = "<group>"; };
		2D102401297864E70073F171 /* ForumView.swift */ = {isa = PBXFileReference; lastKnownFileType = sourcecode.swift; path = ForumView.swift; sourceTree = "<group>"; };
		2D102404297865A90073F171 /* MyCasesView.swift */ = {isa = PBXFileReference; lastKnownFileType = sourcecode.swift; path = MyCasesView.swift; sourceTree = "<group>"; };
		2D102407297865DC0073F171 /* MyRoomView.swift */ = {isa = PBXFileReference; lastKnownFileType = sourcecode.swift; path = MyRoomView.swift; sourceTree = "<group>"; };
		2D10240C29786C810073F171 /* All.swift */ = {isa = PBXFileReference; lastKnownFileType = sourcecode.swift; path = All.swift; sourceTree = "<group>"; };
		2D10240E29786C8C0073F171 /* Second.swift */ = {isa = PBXFileReference; lastKnownFileType = sourcecode.swift; path = Second.swift; sourceTree = "<group>"; };
		2D10241029786D100073F171 /* Therd.swift */ = {isa = PBXFileReference; lastKnownFileType = sourcecode.swift; path = Therd.swift; sourceTree = "<group>"; };
		2D10241229786D1C0073F171 /* Fours.swift */ = {isa = PBXFileReference; lastKnownFileType = sourcecode.swift; path = Fours.swift; sourceTree = "<group>"; };
		2D2D64E02974846E00462901 /* Nunito.ttf */ = {isa = PBXFileReference; lastKnownFileType = file; path = Nunito.ttf; sourceTree = "<group>"; };
		2DAD2266296DFF3C00346EBE /* Webservice.swift */ = {isa = PBXFileReference; lastKnownFileType = sourcecode.swift; path = Webservice.swift; sourceTree = "<group>"; };
		2DAD2269296E04AB00346EBE /* LoginViewModel.swift */ = {isa = PBXFileReference; lastKnownFileType = sourcecode.swift; path = LoginViewModel.swift; sourceTree = "<group>"; };
		2DAD226B296E134700346EBE /* EmailConfirm.swift */ = {isa = PBXFileReference; lastKnownFileType = sourcecode.swift; path = EmailConfirm.swift; sourceTree = "<group>"; };
		2DAD226E296E1A0A00346EBE /* ContinueRegister.swift */ = {isa = PBXFileReference; lastKnownFileType = sourcecode.swift; path = ContinueRegister.swift; sourceTree = "<group>"; };
		2DAD2271296F03C500346EBE /* Home.swift */ = {isa = PBXFileReference; lastKnownFileType = sourcecode.swift; path = Home.swift; sourceTree = "<group>"; };
		2DAD2274296F58FB00346EBE /* Model.swift */ = {isa = PBXFileReference; lastKnownFileType = sourcecode.swift; path = Model.swift; sourceTree = "<group>"; };
		2DAD2277296F7E0B00346EBE /* APIManager.swift */ = {isa = PBXFileReference; lastKnownFileType = sourcecode.swift; path = APIManager.swift; sourceTree = "<group>"; };
		2DAD227C29705F4600346EBE /* LoginScreen.swift */ = {isa = PBXFileReference; lastKnownFileType = sourcecode.swift; path = LoginScreen.swift; sourceTree = "<group>"; };
		2DAD22E629730F9C00346EBE /* CenturyGothic-Bold.ttf */ = {isa = PBXFileReference; lastKnownFileType = file; path = "CenturyGothic-Bold.ttf"; sourceTree = "<group>"; };
		2DAD22E729730F9C00346EBE /* CenturyGothic.ttf */ = {isa = PBXFileReference; lastKnownFileType = file; path = CenturyGothic.ttf; sourceTree = "<group>"; };
		2DC8D683297886CE00AB5CA6 /* MyRoom.swift */ = {isa = PBXFileReference; lastKnownFileType = sourcecode.swift; path = MyRoom.swift; sourceTree = "<group>"; };
		2DC8D685297886DE00AB5CA6 /* Playlists.swift */ = {isa = PBXFileReference; lastKnownFileType = sourcecode.swift; path = Playlists.swift; sourceTree = "<group>"; };
		2DC8D687297886EF00AB5CA6 /* Subscriptions.swift */ = {isa = PBXFileReference; lastKnownFileType = sourcecode.swift; path = Subscriptions.swift; sourceTree = "<group>"; };
		2DC8D6892978871100AB5CA6 /* AboutChannel.swift */ = {isa = PBXFileReference; lastKnownFileType = sourcecode.swift; path = AboutChannel.swift; sourceTree = "<group>"; };
		2DC8D68B297891A500AB5CA6 /* Marketplace.swift */ = {isa = PBXFileReference; lastKnownFileType = sourcecode.swift; path = Marketplace.swift; sourceTree = "<group>"; };
		2DC8D68E2979332B00AB5CA6 /* ForumForm.swift */ = {isa = PBXFileReference; lastKnownFileType = sourcecode.swift; path = ForumForm.swift; sourceTree = "<group>"; };
		2DC8D6922979715700AB5CA6 /* HeaderMenu.swift */ = {isa = PBXFileReference; lastKnownFileType = sourcecode.swift; path = HeaderMenu.swift; sourceTree = "<group>"; };
		2DC8D694297A756400AB5CA6 /* Settings.swift */ = {isa = PBXFileReference; lastKnownFileType = sourcecode.swift; path = Settings.swift; sourceTree = "<group>"; };
		2DC8D697297A8AB600AB5CA6 /* SettingsView.swift */ = {isa = PBXFileReference; lastKnownFileType = sourcecode.swift; path = SettingsView.swift; sourceTree = "<group>"; };
		2DC8D69B297ABC8C00AB5CA6 /* General.swift */ = {isa = PBXFileReference; lastKnownFileType = sourcecode.swift; path = General.swift; sourceTree = "<group>"; };
		2DC8D69D297ABD8B00AB5CA6 /* PersonalData.swift */ = {isa = PBXFileReference; lastKnownFileType = sourcecode.swift; path = PersonalData.swift; sourceTree = "<group>"; };
		2DC8D69F297AC7F700AB5CA6 /* Security.swift */ = {isa = PBXFileReference; lastKnownFileType = sourcecode.swift; path = Security.swift; sourceTree = "<group>"; };
		2DC8D6A1297ACA4700AB5CA6 /* Privacy.swift */ = {isa = PBXFileReference; lastKnownFileType = sourcecode.swift; path = Privacy.swift; sourceTree = "<group>"; };
		2DC8D6A3297ACC9100AB5CA6 /* Notifications.swift */ = {isa = PBXFileReference; lastKnownFileType = sourcecode.swift; path = Notifications.swift; sourceTree = "<group>"; };
		2DC8D6A5297AE06F00AB5CA6 /* Generall.swift */ = {isa = PBXFileReference; lastKnownFileType = sourcecode.swift; path = Generall.swift; sourceTree = "<group>"; };
		2DC8D6E6297F0D7300AB5CA6 /* Information.swift */ = {isa = PBXFileReference; fileEncoding = 4; lastKnownFileType = sourcecode.swift; path = Information.swift; sourceTree = "<group>"; };
		2DC8D6E9297F3CBF00AB5CA6 /* Securityy.swift */ = {isa = PBXFileReference; lastKnownFileType = sourcecode.swift; path = Securityy.swift; sourceTree = "<group>"; };
		2DC8D6EB297F3DFA00AB5CA6 /* PersonalDataa.swift */ = {isa = PBXFileReference; lastKnownFileType = sourcecode.swift; path = PersonalDataa.swift; sourceTree = "<group>"; };
		2DD6D74E2975282A004A13DC /* TabBar.swift */ = {isa = PBXFileReference; lastKnownFileType = sourcecode.swift; path = TabBar.swift; sourceTree = "<group>"; };
		2DD6D750297539BB004A13DC /* HeaderView.swift */ = {isa = PBXFileReference; lastKnownFileType = sourcecode.swift; path = HeaderView.swift; sourceTree = "<group>"; };
		2DD6D75229753FD5004A13DC /* VideoCard.swift */ = {isa = PBXFileReference; lastKnownFileType = sourcecode.swift; path = VideoCard.swift; sourceTree = "<group>"; };
		2DD6D757297564CC004A13DC /* VideoPlayerView.swift */ = {isa = PBXFileReference; lastKnownFileType = sourcecode.swift; path = VideoPlayerView.swift; sourceTree = "<group>"; };
		2DD6D75929756692004A13DC /* MiniPlayer.swift */ = {isa = PBXFileReference; lastKnownFileType = sourcecode.swift; path = MiniPlayer.swift; sourceTree = "<group>"; };
		2DD6D75B29756776004A13DC /* Video.swift */ = {isa = PBXFileReference; lastKnownFileType = sourcecode.swift; path = Video.swift; sourceTree = "<group>"; };
		2DD6D75D297572F6004A13DC /* VideoPlayerViewModel.swift */ = {isa = PBXFileReference; lastKnownFileType = sourcecode.swift; path = VideoPlayerViewModel.swift; sourceTree = "<group>"; };
		2DD6D7602975C50F004A13DC /* Assets.xcassets */ = {isa = PBXFileReference; lastKnownFileType = folder.assetcatalog; path = Assets.xcassets; sourceTree = "<group>"; };
		2DD6D762297681B6004A13DC /* VideoCardVIew.swift */ = {isa = PBXFileReference; lastKnownFileType = sourcecode.swift; path = VideoCardVIew.swift; sourceTree = "<group>"; };
		2DE6AC33296C9C5D00C815EA /* Tinn.app */ = {isa = PBXFileReference; explicitFileType = wrapper.application; includeInIndex = 0; path = Tinn.app; sourceTree = BUILT_PRODUCTS_DIR; };
		2DE6AC36296C9C5D00C815EA /* TinnApp.swift */ = {isa = PBXFileReference; lastKnownFileType = sourcecode.swift; path = TinnApp.swift; sourceTree = "<group>"; };
		2DE6AC3D296C9C5F00C815EA /* Preview Assets.xcassets */ = {isa = PBXFileReference; lastKnownFileType = folder.assetcatalog; path = "Preview Assets.xcassets"; sourceTree = "<group>"; };
		2DE6AC44296C9D4000C815EA /* SplashScreen.swift */ = {isa = PBXFileReference; lastKnownFileType = sourcecode.swift; path = SplashScreen.swift; sourceTree = "<group>"; };
		2DE6AC46296CA46A00C815EA /* HomeScreen.swift */ = {isa = PBXFileReference; lastKnownFileType = sourcecode.swift; path = HomeScreen.swift; sourceTree = "<group>"; };
		2DE6AC4B296CA7B700C815EA /* Info.plist */ = {isa = PBXFileReference; lastKnownFileType = text.plist; path = Info.plist; sourceTree = "<group>"; };
		2DE6AC4E296CBA0A00C815EA /* RegisterScreen.swift */ = {isa = PBXFileReference; lastKnownFileType = sourcecode.swift; path = RegisterScreen.swift; sourceTree = "<group>"; };
/* End PBXFileReference section */

/* Begin PBXFrameworksBuildPhase section */
		2DE6AC30296C9C5D00C815EA /* Frameworks */ = {
			isa = PBXFrameworksBuildPhase;
			buildActionMask = 2147483647;
			files = (
				2DAD227B296F7F6000346EBE /* Alamofire in Frameworks */,
			);
			runOnlyForDeploymentPostprocessing = 0;
		};
/* End PBXFrameworksBuildPhase section */

/* Begin PBXGroup section */
		2D1023FD2977F6900073F171 /* Popular */ = {
			isa = PBXGroup;
			children = (
				2D1023FE2977F6A20073F171 /* PopularView.swift */,
				2D10240A29786C5F0073F171 /* Categories */,
			);
			path = Popular;
			sourceTree = "<group>";
		};
		2D102400297864D30073F171 /* Forum */ = {
			isa = PBXGroup;
			children = (
				2D102401297864E70073F171 /* ForumView.swift */,
				2DC8D68D2979331700AB5CA6 /* ForumForm */,
			);
			path = Forum;
			sourceTree = "<group>";
		};
		2D102403297865810073F171 /* MyCases */ = {
			isa = PBXGroup;
			children = (
				2D102404297865A90073F171 /* MyCasesView.swift */,
			);
			path = MyCases;
			sourceTree = "<group>";
		};
		2D102406297865C10073F171 /* MyRoom */ = {
			isa = PBXGroup;
			children = (
				2D102407297865DC0073F171 /* MyRoomView.swift */,
			);
			path = MyRoom;
			sourceTree = "<group>";
		};
		2D10240A29786C5F0073F171 /* Categories */ = {
			isa = PBXGroup;
			children = (
				2D10240C29786C810073F171 /* All.swift */,
				2D10240E29786C8C0073F171 /* Second.swift */,
				2D10241029786D100073F171 /* Therd.swift */,
				2D10241229786D1C0073F171 /* Fours.swift */,
			);
			path = Categories;
			sourceTree = "<group>";
		};
		2DAD2265296DFF0400346EBE /* Service */ = {
			isa = PBXGroup;
			children = (
				2DAD2266296DFF3C00346EBE /* Webservice.swift */,
			);
			path = Service;
			sourceTree = "<group>";
		};
		2DAD2268296E049200346EBE /* ViewModel */ = {
			isa = PBXGroup;
			children = (
				2DAD2277296F7E0B00346EBE /* APIManager.swift */,
				2DAD2269296E04AB00346EBE /* LoginViewModel.swift */,
			);
			path = ViewModel;
			sourceTree = "<group>";
		};
		2DAD226D296E19D100346EBE /* View */ = {
			isa = PBXGroup;
			children = (
				2DAD2271296F03C500346EBE /* Home.swift */,
				2D102406297865C10073F171 /* MyRoom */,
				2D102403297865810073F171 /* MyCases */,
				2D102400297864D30073F171 /* Forum */,
				2D1023FD2977F6900073F171 /* Popular */,
				2DD6D76629768725004A13DC /* Marketplace */,
				2DD6D74D297527A8004A13DC /* MainBar */,
				2DD6D74C2975272A004A13DC /* Authorisation */,
				2DD6D756297563AD004A13DC /* Video */,
			);
			path = View;
			sourceTree = "<group>";
		};
		2DAD2273296F589B00346EBE /* Model */ = {
			isa = PBXGroup;
			children = (
				2DAD2274296F58FB00346EBE /* Model.swift */,
				2DD6D75B29756776004A13DC /* Video.swift */,
				2DD6D75D297572F6004A13DC /* VideoPlayerViewModel.swift */,
			);
			path = Model;
			sourceTree = "<group>";
		};
		2DC8D682297886B700AB5CA6 /* MarketplaceTabs */ = {
			isa = PBXGroup;
			children = (
				2DC8D683297886CE00AB5CA6 /* MyRoom.swift */,
				2DC8D685297886DE00AB5CA6 /* Playlists.swift */,
				2DC8D687297886EF00AB5CA6 /* Subscriptions.swift */,
				2DC8D6892978871100AB5CA6 /* AboutChannel.swift */,
			);
			path = MarketplaceTabs;
			sourceTree = "<group>";
		};
		2DC8D68D2979331700AB5CA6 /* ForumForm */ = {
			isa = PBXGroup;
			children = (
				2DC8D68E2979332B00AB5CA6 /* ForumForm.swift */,
			);
			path = ForumForm;
			sourceTree = "<group>";
		};
		2DC8D6912979714500AB5CA6 /* Header */ = {
			isa = PBXGroup;
			children = (
				2DD6D750297539BB004A13DC /* HeaderView.swift */,
				2DC8D6922979715700AB5CA6 /* HeaderMenu.swift */,
				2DC8D694297A756400AB5CA6 /* Settings.swift */,
				2DC8D696297A8A6300AB5CA6 /* Settings */,
			);
			path = Header;
			sourceTree = "<group>";
		};
		2DC8D696297A8A6300AB5CA6 /* Settings */ = {
			isa = PBXGroup;
			children = (
				2DC8D697297A8AB600AB5CA6 /* SettingsView.swift */,
				2DC8D69A297ABC6600AB5CA6 /* Category */,
			);
			path = Settings;
			sourceTree = "<group>";
		};
		2DC8D69A297ABC6600AB5CA6 /* Category */ = {
			isa = PBXGroup;
			children = (
				2DC8D6E8297F3C7B00AB5CA6 /* WithSections */,
				2DC8D69B297ABC8C00AB5CA6 /* General.swift */,
				2DC8D6A5297AE06F00AB5CA6 /* Generall.swift */,
				2DC8D69D297ABD8B00AB5CA6 /* PersonalData.swift */,
				2DC8D69F297AC7F700AB5CA6 /* Security.swift */,
				2DC8D6E6297F0D7300AB5CA6 /* Information.swift */,
				2DC8D6A1297ACA4700AB5CA6 /* Privacy.swift */,
			);
			path = Category;
			sourceTree = "<group>";
		};
		2DC8D6E8297F3C7B00AB5CA6 /* WithSections */ = {
			isa = PBXGroup;
			children = (
				2DC8D6A3297ACC9100AB5CA6 /* Notifications.swift */,
				2DC8D6E9297F3CBF00AB5CA6 /* Securityy.swift */,
				2DC8D6EB297F3DFA00AB5CA6 /* PersonalDataa.swift */,
			);
			path = WithSections;
			sourceTree = "<group>";
		};
		2DD6D74C2975272A004A13DC /* Authorisation */ = {
			isa = PBXGroup;
			children = (
				2DAD227C29705F4600346EBE /* LoginScreen.swift */,
				2DAD226B296E134700346EBE /* EmailConfirm.swift */,
				2DE6AC46296CA46A00C815EA /* HomeScreen.swift */,
				2DE6AC4E296CBA0A00C815EA /* RegisterScreen.swift */,
				2DE6AC44296C9D4000C815EA /* SplashScreen.swift */,
				2DAD226E296E1A0A00346EBE /* ContinueRegister.swift */,
			);
			path = Authorisation;
			sourceTree = "<group>";
		};
		2DD6D74D297527A8004A13DC /* MainBar */ = {
			isa = PBXGroup;
			children = (
				2D1023F3297719950073F171 /* TabBarViews.swift */,
				2DD6D74E2975282A004A13DC /* TabBar.swift */,
				2DC8D6912979714500AB5CA6 /* Header */,
			);
			path = MainBar;
			sourceTree = "<group>";
		};
		2DD6D756297563AD004A13DC /* Video */ = {
			isa = PBXGroup;
			children = (
				2DD6D75229753FD5004A13DC /* VideoCard.swift */,
				2DD6D757297564CC004A13DC /* VideoPlayerView.swift */,
				2DD6D762297681B6004A13DC /* VideoCardVIew.swift */,
				2DD6D75929756692004A13DC /* MiniPlayer.swift */,
			);
			path = Video;
			sourceTree = "<group>";
		};
		2DD6D76629768725004A13DC /* Marketplace */ = {
			isa = PBXGroup;
			children = (
				2DC8D68B297891A500AB5CA6 /* Marketplace.swift */,
				2DC8D682297886B700AB5CA6 /* MarketplaceTabs */,
			);
			path = Marketplace;
			sourceTree = "<group>";
		};
		2DE6AC2A296C9C5D00C815EA = {
			isa = PBXGroup;
			children = (
				2DE6AC35296C9C5D00C815EA /* Tinn */,
				2DE6AC34296C9C5D00C815EA /* Products */,
			);
			sourceTree = "<group>";
		};
		2DE6AC34296C9C5D00C815EA /* Products */ = {
			isa = PBXGroup;
			children = (
				2DE6AC33296C9C5D00C815EA /* Tinn.app */,
			);
			name = Products;
			sourceTree = "<group>";
		};
		2DE6AC35296C9C5D00C815EA /* Tinn */ = {
			isa = PBXGroup;
			children = (
				2DAD2273296F589B00346EBE /* Model */,
				2DAD226D296E19D100346EBE /* View */,
				2DAD2268296E049200346EBE /* ViewModel */,
				2DAD2265296DFF0400346EBE /* Service */,
				2DE6AC4A296CA78700C815EA /* Fonts */,
				2DE6AC36296C9C5D00C815EA /* TinnApp.swift */,
				2DE6AC4B296CA7B700C815EA /* Info.plist */,
				2DD6D7602975C50F004A13DC /* Assets.xcassets */,
				2DE6AC3C296C9C5F00C815EA /* Preview Content */,
			);
			path = Tinn;
			sourceTree = "<group>";
		};
		2DE6AC3C296C9C5F00C815EA /* Preview Content */ = {
			isa = PBXGroup;
			children = (
				2DE6AC3D296C9C5F00C815EA /* Preview Assets.xcassets */,
			);
			path = "Preview Content";
			sourceTree = "<group>";
		};
		2DE6AC4A296CA78700C815EA /* Fonts */ = {
			isa = PBXGroup;
			children = (
				2DAD22E629730F9C00346EBE /* CenturyGothic-Bold.ttf */,
				2D2D64E02974846E00462901 /* Nunito.ttf */,
				2DAD22E729730F9C00346EBE /* CenturyGothic.ttf */,
			);
			path = Fonts;
			sourceTree = "<group>";
		};
/* End PBXGroup section */

/* Begin PBXNativeTarget section */
		2DE6AC32296C9C5D00C815EA /* Tinn */ = {
			isa = PBXNativeTarget;
			buildConfigurationList = 2DE6AC41296C9C5F00C815EA /* Build configuration list for PBXNativeTarget "Tinn" */;
			buildPhases = (
				2DE6AC2F296C9C5D00C815EA /* Sources */,
				2DE6AC30296C9C5D00C815EA /* Frameworks */,
				2DE6AC31296C9C5D00C815EA /* Resources */,
			);
			buildRules = (
			);
			dependencies = (
			);
			name = Tinn;
			packageProductDependencies = (
				2DAD227A296F7F6000346EBE /* Alamofire */,
			);
			productName = Tinn;
			productReference = 2DE6AC33296C9C5D00C815EA /* Tinn.app */;
			productType = "com.apple.product-type.application";
		};
/* End PBXNativeTarget section */

/* Begin PBXProject section */
		2DE6AC2B296C9C5D00C815EA /* Project object */ = {
			isa = PBXProject;
			attributes = {
				BuildIndependentTargetsInParallel = 1;
				LastSwiftUpdateCheck = 1420;
				LastUpgradeCheck = 1420;
				TargetAttributes = {
					2DE6AC32296C9C5D00C815EA = {
						CreatedOnToolsVersion = 14.2;
					};
				};
			};
			buildConfigurationList = 2DE6AC2E296C9C5D00C815EA /* Build configuration list for PBXProject "Tinn" */;
			compatibilityVersion = "Xcode 14.0";
			developmentRegion = en;
			hasScannedForEncodings = 0;
			knownRegions = (
				en,
				Base,
			);
			mainGroup = 2DE6AC2A296C9C5D00C815EA;
			packageReferences = (
				2DAD2279296F7F6000346EBE /* XCRemoteSwiftPackageReference "Alamofire" */,
			);
			productRefGroup = 2DE6AC34296C9C5D00C815EA /* Products */;
			projectDirPath = "";
			projectRoot = "";
			targets = (
				2DE6AC32296C9C5D00C815EA /* Tinn */,
			);
		};
/* End PBXProject section */

/* Begin PBXResourcesBuildPhase section */
		2DE6AC31296C9C5D00C815EA /* Resources */ = {
			isa = PBXResourcesBuildPhase;
			buildActionMask = 2147483647;
			files = (
				2DE6AC3E296C9C5F00C815EA /* Preview Assets.xcassets in Resources */,
				2DAD22E929730F9C00346EBE /* CenturyGothic.ttf in Resources */,
				2DAD22E829730F9C00346EBE /* CenturyGothic-Bold.ttf in Resources */,
				2D2D64E12974846E00462901 /* Nunito.ttf in Resources */,
				2DD6D7612975C50F004A13DC /* Assets.xcassets in Resources */,
			);
			runOnlyForDeploymentPostprocessing = 0;
		};
/* End PBXResourcesBuildPhase section */

/* Begin PBXSourcesBuildPhase section */
		2DE6AC2F296C9C5D00C815EA /* Sources */ = {
			isa = PBXSourcesBuildPhase;
			buildActionMask = 2147483647;
			files = (
				2DE6AC4F296CBA0A00C815EA /* RegisterScreen.swift in Sources */,
				2DC8D6EA297F3CBF00AB5CA6 /* Securityy.swift in Sources */,
				2DD6D75329753FD5004A13DC /* VideoCard.swift in Sources */,
				2D1023FF2977F6A20073F171 /* PopularView.swift in Sources */,
				2DC8D684297886CE00AB5CA6 /* MyRoom.swift in Sources */,
				2DE6AC45296C9D4000C815EA /* SplashScreen.swift in Sources */,
				2DD6D758297564CC004A13DC /* VideoPlayerView.swift in Sources */,
				2DE6AC37296C9C5D00C815EA /* TinnApp.swift in Sources */,
				2DD6D75E297572F6004A13DC /* VideoPlayerViewModel.swift in Sources */,
				2D10240D29786C810073F171 /* All.swift in Sources */,
				2DAD2272296F03C500346EBE /* Home.swift in Sources */,
				2DC8D69E297ABD8B00AB5CA6 /* PersonalData.swift in Sources */,
				2DAD2278296F7E0B00346EBE /* APIManager.swift in Sources */,
				2DC8D698297A8AB600AB5CA6 /* SettingsView.swift in Sources */,
				2DAD227D29705F4600346EBE /* LoginScreen.swift in Sources */,
				2DC8D69C297ABC8C00AB5CA6 /* General.swift in Sources */,
				2DE6AC47296CA46A00C815EA /* HomeScreen.swift in Sources */,
				2DAD2275296F58FB00346EBE /* Model.swift in Sources */,
				2DC8D68C297891A500AB5CA6 /* Marketplace.swift in Sources */,
				2DC8D6932979715700AB5CA6 /* HeaderMenu.swift in Sources */,
				2DC8D686297886DE00AB5CA6 /* Playlists.swift in Sources */,
				2DC8D695297A756400AB5CA6 /* Settings.swift in Sources */,
				2DAD226F296E1A0A00346EBE /* ContinueRegister.swift in Sources */,
				2DC8D68A2978871100AB5CA6 /* AboutChannel.swift in Sources */,
				2DC8D6A4297ACC9100AB5CA6 /* Notifications.swift in Sources */,
				2DC8D68F2979332B00AB5CA6 /* ForumForm.swift in Sources */,
				2DD6D74F2975282A004A13DC /* TabBar.swift in Sources */,
				2D102405297865A90073F171 /* MyCasesView.swift in Sources */,
				2DAD226A296E04AB00346EBE /* LoginViewModel.swift in Sources */,
				2DAD226C296E134700346EBE /* EmailConfirm.swift in Sources */,
				2DC8D688297886EF00AB5CA6 /* Subscriptions.swift in Sources */,
				2DC8D6A2297ACA4700AB5CA6 /* Privacy.swift in Sources */,
				2D10240F29786C8C0073F171 /* Second.swift in Sources */,
				2DD6D75C29756776004A13DC /* Video.swift in Sources */,
				2DC8D6E7297F0D7300AB5CA6 /* Information.swift in Sources */,
				2D102408297865DC0073F171 /* MyRoomView.swift in Sources */,
				2DD6D75A29756692004A13DC /* MiniPlayer.swift in Sources */,
				2DC8D6EC297F3DFA00AB5CA6 /* PersonalDataa.swift in Sources */,
				2D1023F4297719950073F171 /* TabBarViews.swift in Sources */,
				2DAD2267296DFF3C00346EBE /* Webservice.swift in Sources */,
				2DD6D763297681B6004A13DC /* VideoCardVIew.swift in Sources */,
				2D102402297864E70073F171 /* ForumView.swift in Sources */,
				2DC8D6A6297AE06F00AB5CA6 /* Generall.swift in Sources */,
				2D10241329786D1C0073F171 /* Fours.swift in Sources */,
				2D10241129786D100073F171 /* Therd.swift in Sources */,
				2DD6D751297539BB004A13DC /* HeaderView.swift in Sources */,
				2DC8D6A0297AC7F700AB5CA6 /* Security.swift in Sources */,
			);
			runOnlyForDeploymentPostprocessing = 0;
		};
/* End PBXSourcesBuildPhase section */

/* Begin XCBuildConfiguration section */
		2DE6AC3F296C9C5F00C815EA /* Debug */ = {
			isa = XCBuildConfiguration;
			buildSettings = {
				ALWAYS_SEARCH_USER_PATHS = NO;
				CLANG_ANALYZER_NONNULL = YES;
				CLANG_ANALYZER_NUMBER_OBJECT_CONVERSION = YES_AGGRESSIVE;
				CLANG_CXX_LANGUAGE_STANDARD = "gnu++20";
				CLANG_ENABLE_MODULES = YES;
				CLANG_ENABLE_OBJC_ARC = YES;
				CLANG_ENABLE_OBJC_WEAK = YES;
				CLANG_WARN_BLOCK_CAPTURE_AUTORELEASING = YES;
				CLANG_WARN_BOOL_CONVERSION = YES;
				CLANG_WARN_COMMA = YES;
				CLANG_WARN_CONSTANT_CONVERSION = YES;
				CLANG_WARN_DEPRECATED_OBJC_IMPLEMENTATIONS = YES;
				CLANG_WARN_DIRECT_OBJC_ISA_USAGE = YES_ERROR;
				CLANG_WARN_DOCUMENTATION_COMMENTS = YES;
				CLANG_WARN_EMPTY_BODY = YES;
				CLANG_WARN_ENUM_CONVERSION = YES;
				CLANG_WARN_INFINITE_RECURSION = YES;
				CLANG_WARN_INT_CONVERSION = YES;
				CLANG_WARN_NON_LITERAL_NULL_CONVERSION = YES;
				CLANG_WARN_OBJC_IMPLICIT_RETAIN_SELF = YES;
				CLANG_WARN_OBJC_LITERAL_CONVERSION = YES;
				CLANG_WARN_OBJC_ROOT_CLASS = YES_ERROR;
				CLANG_WARN_QUOTED_INCLUDE_IN_FRAMEWORK_HEADER = YES;
				CLANG_WARN_RANGE_LOOP_ANALYSIS = YES;
				CLANG_WARN_STRICT_PROTOTYPES = YES;
				CLANG_WARN_SUSPICIOUS_MOVE = YES;
				CLANG_WARN_UNGUARDED_AVAILABILITY = YES_AGGRESSIVE;
				CLANG_WARN_UNREACHABLE_CODE = YES;
				CLANG_WARN__DUPLICATE_METHOD_MATCH = YES;
				COPY_PHASE_STRIP = NO;
				DEBUG_INFORMATION_FORMAT = dwarf;
				ENABLE_STRICT_OBJC_MSGSEND = YES;
				ENABLE_TESTABILITY = YES;
				GCC_C_LANGUAGE_STANDARD = gnu11;
				GCC_DYNAMIC_NO_PIC = NO;
				GCC_NO_COMMON_BLOCKS = YES;
				GCC_OPTIMIZATION_LEVEL = 0;
				GCC_PREPROCESSOR_DEFINITIONS = (
					"DEBUG=1",
					"$(inherited)",
				);
				GCC_WARN_64_TO_32_BIT_CONVERSION = YES;
				GCC_WARN_ABOUT_RETURN_TYPE = YES_ERROR;
				GCC_WARN_UNDECLARED_SELECTOR = YES;
				GCC_WARN_UNINITIALIZED_AUTOS = YES_AGGRESSIVE;
				GCC_WARN_UNUSED_FUNCTION = YES;
				GCC_WARN_UNUSED_VARIABLE = YES;
				IPHONEOS_DEPLOYMENT_TARGET = 16.2;
				MTL_ENABLE_DEBUG_INFO = INCLUDE_SOURCE;
				MTL_FAST_MATH = YES;
				ONLY_ACTIVE_ARCH = YES;
				SDKROOT = iphoneos;
				SWIFT_ACTIVE_COMPILATION_CONDITIONS = DEBUG;
				SWIFT_OPTIMIZATION_LEVEL = "-Onone";
			};
			name = Debug;
		};
		2DE6AC40296C9C5F00C815EA /* Release */ = {
			isa = XCBuildConfiguration;
			buildSettings = {
				ALWAYS_SEARCH_USER_PATHS = NO;
				CLANG_ANALYZER_NONNULL = YES;
				CLANG_ANALYZER_NUMBER_OBJECT_CONVERSION = YES_AGGRESSIVE;
				CLANG_CXX_LANGUAGE_STANDARD = "gnu++20";
				CLANG_ENABLE_MODULES = YES;
				CLANG_ENABLE_OBJC_ARC = YES;
				CLANG_ENABLE_OBJC_WEAK = YES;
				CLANG_WARN_BLOCK_CAPTURE_AUTORELEASING = YES;
				CLANG_WARN_BOOL_CONVERSION = YES;
				CLANG_WARN_COMMA = YES;
				CLANG_WARN_CONSTANT_CONVERSION = YES;
				CLANG_WARN_DEPRECATED_OBJC_IMPLEMENTATIONS = YES;
				CLANG_WARN_DIRECT_OBJC_ISA_USAGE = YES_ERROR;
				CLANG_WARN_DOCUMENTATION_COMMENTS = YES;
				CLANG_WARN_EMPTY_BODY = YES;
				CLANG_WARN_ENUM_CONVERSION = YES;
				CLANG_WARN_INFINITE_RECURSION = YES;
				CLANG_WARN_INT_CONVERSION = YES;
				CLANG_WARN_NON_LITERAL_NULL_CONVERSION = YES;
				CLANG_WARN_OBJC_IMPLICIT_RETAIN_SELF = YES;
				CLANG_WARN_OBJC_LITERAL_CONVERSION = YES;
				CLANG_WARN_OBJC_ROOT_CLASS = YES_ERROR;
				CLANG_WARN_QUOTED_INCLUDE_IN_FRAMEWORK_HEADER = YES;
				CLANG_WARN_RANGE_LOOP_ANALYSIS = YES;
				CLANG_WARN_STRICT_PROTOTYPES = YES;
				CLANG_WARN_SUSPICIOUS_MOVE = YES;
				CLANG_WARN_UNGUARDED_AVAILABILITY = YES_AGGRESSIVE;
				CLANG_WARN_UNREACHABLE_CODE = YES;
				CLANG_WARN__DUPLICATE_METHOD_MATCH = YES;
				COPY_PHASE_STRIP = NO;
				DEBUG_INFORMATION_FORMAT = "dwarf-with-dsym";
				ENABLE_NS_ASSERTIONS = NO;
				ENABLE_STRICT_OBJC_MSGSEND = YES;
				GCC_C_LANGUAGE_STANDARD = gnu11;
				GCC_NO_COMMON_BLOCKS = YES;
				GCC_WARN_64_TO_32_BIT_CONVERSION = YES;
				GCC_WARN_ABOUT_RETURN_TYPE = YES_ERROR;
				GCC_WARN_UNDECLARED_SELECTOR = YES;
				GCC_WARN_UNINITIALIZED_AUTOS = YES_AGGRESSIVE;
				GCC_WARN_UNUSED_FUNCTION = YES;
				GCC_WARN_UNUSED_VARIABLE = YES;
				IPHONEOS_DEPLOYMENT_TARGET = 16.2;
				MTL_ENABLE_DEBUG_INFO = NO;
				MTL_FAST_MATH = YES;
				SDKROOT = iphoneos;
				SWIFT_COMPILATION_MODE = wholemodule;
				SWIFT_OPTIMIZATION_LEVEL = "-O";
				VALIDATE_PRODUCT = YES;
			};
			name = Release;
		};
		2DE6AC42296C9C5F00C815EA /* Debug */ = {
			isa = XCBuildConfiguration;
			buildSettings = {
				ASSETCATALOG_COMPILER_APPICON_NAME = AppIcon;
				ASSETCATALOG_COMPILER_GLOBAL_ACCENT_COLOR_NAME = AccentColor;
				CODE_SIGN_STYLE = Automatic;
				CURRENT_PROJECT_VERSION = 1;
				DEVELOPMENT_ASSET_PATHS = "Tinn/Preview\\ Content";
				DEVELOPMENT_TEAM = QK8QAKANXC;
				ENABLE_PREVIEWS = YES;
				GENERATE_INFOPLIST_FILE = YES;
				INFOPLIST_FILE = Tinn/Info.plist;
				INFOPLIST_KEY_UIApplicationSupportsIndirectInputEvents = YES;
				INFOPLIST_KEY_UILaunchScreen_Generation = YES;
				INFOPLIST_KEY_UISupportedInterfaceOrientations_iPad = "UIInterfaceOrientationPortrait UIInterfaceOrientationPortraitUpsideDown UIInterfaceOrientationLandscapeLeft UIInterfaceOrientationLandscapeRight";
				INFOPLIST_KEY_UISupportedInterfaceOrientations_iPhone = "UIInterfaceOrientationPortrait UIInterfaceOrientationLandscapeLeft UIInterfaceOrientationLandscapeRight";
				LD_RUNPATH_SEARCH_PATHS = (
					"$(inherited)",
					"@executable_path/Frameworks",
				);
				MARKETING_VERSION = 1.0;
				PRODUCT_BUNDLE_IDENTIFIER = iamsandytwix.Tinn;
				PRODUCT_NAME = "$(TARGET_NAME)";
				SWIFT_EMIT_LOC_STRINGS = YES;
				SWIFT_VERSION = 5.0;
				TARGETED_DEVICE_FAMILY = "1,2";
			};
			name = Debug;
		};
		2DE6AC43296C9C5F00C815EA /* Release */ = {
			isa = XCBuildConfiguration;
			buildSettings = {
				ASSETCATALOG_COMPILER_APPICON_NAME = AppIcon;
				ASSETCATALOG_COMPILER_GLOBAL_ACCENT_COLOR_NAME = AccentColor;
				CODE_SIGN_STYLE = Automatic;
				CURRENT_PROJECT_VERSION = 1;
				DEVELOPMENT_ASSET_PATHS = "Tinn/Preview\\ Content";
				DEVELOPMENT_TEAM = QK8QAKANXC;
				ENABLE_PREVIEWS = YES;
				GENERATE_INFOPLIST_FILE = YES;
				INFOPLIST_FILE = Tinn/Info.plist;
				INFOPLIST_KEY_UIApplicationSupportsIndirectInputEvents = YES;
				INFOPLIST_KEY_UILaunchScreen_Generation = YES;
				INFOPLIST_KEY_UISupportedInterfaceOrientations_iPad = "UIInterfaceOrientationPortrait UIInterfaceOrientationPortraitUpsideDown UIInterfaceOrientationLandscapeLeft UIInterfaceOrientationLandscapeRight";
				INFOPLIST_KEY_UISupportedInterfaceOrientations_iPhone = "UIInterfaceOrientationPortrait UIInterfaceOrientationLandscapeLeft UIInterfaceOrientationLandscapeRight";
				LD_RUNPATH_SEARCH_PATHS = (
					"$(inherited)",
					"@executable_path/Frameworks",
				);
				MARKETING_VERSION = 1.0;
				PRODUCT_BUNDLE_IDENTIFIER = iamsandytwix.Tinn;
				PRODUCT_NAME = "$(TARGET_NAME)";
				SWIFT_EMIT_LOC_STRINGS = YES;
				SWIFT_VERSION = 5.0;
				TARGETED_DEVICE_FAMILY = "1,2";
			};
			name = Release;
		};
/* End XCBuildConfiguration section */

/* Begin XCConfigurationList section */
		2DE6AC2E296C9C5D00C815EA /* Build configuration list for PBXProject "Tinn" */ = {
			isa = XCConfigurationList;
			buildConfigurations = (
				2DE6AC3F296C9C5F00C815EA /* Debug */,
				2DE6AC40296C9C5F00C815EA /* Release */,
			);
			defaultConfigurationIsVisible = 0;
			defaultConfigurationName = Release;
		};
		2DE6AC41296C9C5F00C815EA /* Build configuration list for PBXNativeTarget "Tinn" */ = {
			isa = XCConfigurationList;
			buildConfigurations = (
				2DE6AC42296C9C5F00C815EA /* Debug */,
				2DE6AC43296C9C5F00C815EA /* Release */,
			);
			defaultConfigurationIsVisible = 0;
			defaultConfigurationName = Release;
		};
/* End XCConfigurationList section */

/* Begin XCRemoteSwiftPackageReference section */
		2DAD2279296F7F6000346EBE /* XCRemoteSwiftPackageReference "Alamofire" */ = {
			isa = XCRemoteSwiftPackageReference;
			repositoryURL = "https://github.com/Alamofire/Alamofire";
			requirement = {
				kind = upToNextMajorVersion;
				minimumVersion = 5.0.0;
			};
		};
/* End XCRemoteSwiftPackageReference section */

/* Begin XCSwiftPackageProductDependency section */
		2DAD227A296F7F6000346EBE /* Alamofire */ = {
			isa = XCSwiftPackageProductDependency;
			package = 2DAD2279296F7F6000346EBE /* XCRemoteSwiftPackageReference "Alamofire" */;
			productName = Alamofire;
		};
/* End XCSwiftPackageProductDependency section */
	};
	rootObject = 2DE6AC2B296C9C5D00C815EA /* Project object */;
}
